
Microsoft Visual Studio Solution File, Format Version 12.00
# Visual Studio 2013
VisualStudioVersion = 12.0.40629.0
MinimumVisualStudioVersion = 10.0.40219.1
Project("{FAE04EC0-301F-11D3-BF4B-00C04F79EFBC}") = "ConsoleApp", "TaxCalculator\ConsoleApp.csproj", "{77E9179F-045E-4373-8E00-9B513DA26D47}"
EndProject
Project("{FAE04EC0-301F-11D3-BF4B-00C04F79EFBC}") = "CalculatorService", "CalculatorService\CalculatorService.csproj", "{283BC4FD-4533-424A-9D28-520E8E68E6BF}"
EndProject
Project("{FAE04EC0-301F-11D3-BF4B-00C04F79EFBC}") = "DataAccessLayer", "DataAccessLayer\DataAccessLayer.csproj", "{04D64A4D-879D-4F7A-9813-114229FA6BCB}"
EndProject
Project("{FAE04EC0-301F-11D3-BF4B-00C04F79EFBC}") = "CalculatorService.Test", "CalculatorService.Test\CalculatorService.Test.csproj", "{0E35A3BC-2801-4C06-805A-1F6039453680}"
EndProject
Global
	GlobalSection(SolutionConfigurationPlatforms) = preSolution
		Debug|Any CPU = Debug|Any CPU
		Release|Any CPU = Release|Any CPU
	EndGlobalSection
	GlobalSection(ProjectConfigurationPlatforms) = postSolution
		{77E9179F-045E-4373-8E00-9B513DA26D47}.Debug|Any CPU.ActiveCfg = Debug|Any CPU
		{77E9179F-045E-4373-8E00-9B513DA26D47}.Debug|Any CPU.Build.0 = Debug|Any CPU
		{77E9179F-045E-4373-8E00-9B513DA26D47}.Release|Any CPU.ActiveCfg = Release|Any CPU
		{77E9179F-045E-4373-8E00-9B513DA26D47}.Release|Any CPU.Build.0 = Release|Any CPU
		{283BC4FD-4533-424A-9D28-520E8E68E6BF}.Debug|Any CPU.ActiveCfg = Debug|Any CPU
		{283BC4FD-4533-424A-9D28-520E8E68E6BF}.Debug|Any CPU.Build.0 = Debug|Any CPU
		{283BC4FD-4533-424A-9D28-520E8E68E6BF}.Release|Any CPU.ActiveCfg = Release|Any CPU
		{283BC4FD-4533-424A-9D28-520E8E68E6BF}.Release|Any CPU.Build.0 = Release|Any CPU
		{04D64A4D-879D-4F7A-9813-114229FA6BCB}.Debug|Any CPU.ActiveCfg = Debug|Any CPU
		{04D64A4D-879D-4F7A-9813-114229FA6BCB}.Debug|Any CPU.Build.0 = Debug|Any CPU
		{04D64A4D-879D-4F7A-9813-114229FA6BCB}.Release|Any CPU.ActiveCfg = Release|Any CPU
		{04D64A4D-879D-4F7A-9813-114229FA6BCB}.Release|Any CPU.Build.0 = Release|Any CPU
		{0E35A3BC-2801-4C06-805A-1F6039453680}.Debug|Any CPU.ActiveCfg = Debug|Any CPU
		{0E35A3BC-2801-4C06-805A-1F6039453680}.Debug|Any CPU.Build.0 = Debug|Any CPU
		{0E35A3BC-2801-4C06-805A-1F6039453680}.Release|Any CPU.ActiveCfg = Release|Any CPU
		{0E35A3BC-2801-4C06-805A-1F6039453680}.Release|Any CPU.Build.0 = Release|Any CPU
	EndGlobalSection
	GlobalSection(SolutionProperties) = preSolution
		HideSolutionNode = FALSE
	EndGlobalSection
EndGlobal
